
Microsoft Visual Studio Solution File, Format Version 12.00
# Visual Studio Version 17
VisualStudioVersion = 17.6.33829.357
MinimumVisualStudioVersion = 10.0.40219.1
Project("{FAE04EC0-301F-11D3-BF4B-00C04F79EFBC}") = "Programa de Emergencia", "Programa de Emergencia\Programa de Emergencia.csproj", "{1D2E3B05-6D3E-451C-8403-0250E9D77400}"
EndProject
Global
	GlobalSection(SolutionConfigurationPlatforms) = preSolution
		Debug|Any CPU = Debug|Any CPU
		Release|Any CPU = Release|Any CPU
	EndGlobalSection
	GlobalSection(ProjectConfigurationPlatforms) = postSolution
		{1D2E3B05-6D3E-451C-8403-0250E9D77400}.Debug|Any CPU.ActiveCfg = Debug|Any CPU
		{1D2E3B05-6D3E-451C-8403-0250E9D77400}.Debug|Any CPU.Build.0 = Debug|Any CPU
		{1D2E3B05-6D3E-451C-8403-0250E9D77400}.Release|Any CPU.ActiveCfg = Release|Any CPU
		{1D2E3B05-6D3E-451C-8403-0250E9D77400}.Release|Any CPU.Build.0 = Release|Any CPU
	EndGlobalSection
	GlobalSection(SolutionProperties) = preSolution
		HideSolutionNode = FALSE
	EndGlobalSection
	GlobalSection(ExtensibilityGlobals) = postSolution
		SolutionGuid = {073DD92E-8017-4862-945D-E9014DE01E5E}
	EndGlobalSection
EndGlobal
